// !$*UTF8*$!
{
	archiveVersion = 1;
	classes = {
	};
	objectVersion = 56;
	objects = {

/* Begin PBXBuildFile section */
		5507C4922A86666300CFB476 /* UIViewController+Alert.swift in Sources */ = {isa = PBXBuildFile; fileRef = 5507C4912A86666300CFB476 /* UIViewController+Alert.swift */; };
		551A5AD22A94CDB200FCD495 /* DBManager.swift in Sources */ = {isa = PBXBuildFile; fileRef = 551A5AD12A94CDB200FCD495 /* DBManager.swift */; };
		5527A1682A7CE33400C42C6B /* LoginViewController.swift in Sources */ = {isa = PBXBuildFile; fileRef = 5527A1672A7CE33400C42C6B /* LoginViewController.swift */; };
		5527A16A2A7D00A400C42C6B /* CustomLoginButton.swift in Sources */ = {isa = PBXBuildFile; fileRef = 5527A1692A7D00A400C42C6B /* CustomLoginButton.swift */; };
		5527A16C2A7D0CD500C42C6B /* RegisterViewController.swift in Sources */ = {isa = PBXBuildFile; fileRef = 5527A16B2A7D0CD500C42C6B /* RegisterViewController.swift */; };
		5527A16E2A7D112300C42C6B /* ForgotPasswordViewController.swift in Sources */ = {isa = PBXBuildFile; fileRef = 5527A16D2A7D112300C42C6B /* ForgotPasswordViewController.swift */; };
		553A95F52AA06C2E00ACFA56 /* GoalIDManager.swift in Sources */ = {isa = PBXBuildFile; fileRef = 553A95F42AA06C2E00ACFA56 /* GoalIDManager.swift */; };
		553A95F72AA0BC0100ACFA56 /* Footprint.swift in Sources */ = {isa = PBXBuildFile; fileRef = 553A95F62AA0BC0100ACFA56 /* Footprint.swift */; };
		553A96012AA5F42D00ACFA56 /* GoalDetailedViewController.swift in Sources */ = {isa = PBXBuildFile; fileRef = 553A96002AA5F42D00ACFA56 /* GoalDetailedViewController.swift */; };
		553A96092AA734DB00ACFA56 /* CalculateViewController.swift in Sources */ = {isa = PBXBuildFile; fileRef = 553A96072AA734DB00ACFA56 /* CalculateViewController.swift */; };
		553A960A2AA734DB00ACFA56 /* CalculateViewController.xib in Resources */ = {isa = PBXBuildFile; fileRef = 553A96082AA734DB00ACFA56 /* CalculateViewController.xib */; };
		554749F62A8D040200972BFB /* SummaryViewController.swift in Sources */ = {isa = PBXBuildFile; fileRef = 554749F52A8D040200972BFB /* SummaryViewController.swift */; };
		554749F92A8E2CBE00972BFB /* SettingsViewController.swift in Sources */ = {isa = PBXBuildFile; fileRef = 554749F82A8E2CBE00972BFB /* SettingsViewController.swift */; };
		5598C41A2A9366090072B6D3 /* GoalSectionHeaderView.swift in Sources */ = {isa = PBXBuildFile; fileRef = 5598C4192A9366090072B6D3 /* GoalSectionHeaderView.swift */; };
		5598C4742A938A6F0072B6D3 /* AddGoalViewController.swift in Sources */ = {isa = PBXBuildFile; fileRef = 5598C4722A938A6F0072B6D3 /* AddGoalViewController.swift */; };
		5598C4752A938A6F0072B6D3 /* AddGoalViewController.xib in Resources */ = {isa = PBXBuildFile; fileRef = 5598C4732A938A6F0072B6D3 /* AddGoalViewController.xib */; };
		5598C4782A938FE70072B6D3 /* Goal.swift in Sources */ = {isa = PBXBuildFile; fileRef = 5598C4772A938FE70072B6D3 /* Goal.swift */; };
		55A351622A9F1F6500EB4EC5 /* DBController.swift in Sources */ = {isa = PBXBuildFile; fileRef = 55A351612A9F1F6500EB4EC5 /* DBController.swift */; };
		55DE0F632A8F9F1E00E0B3DB /* GoalTableViewCell.swift in Sources */ = {isa = PBXBuildFile; fileRef = 55DE0F622A8F9F1E00E0B3DB /* GoalTableViewCell.swift */; };
		55DE0F672A8FA8AE00E0B3DB /* GoalViewController.swift in Sources */ = {isa = PBXBuildFile; fileRef = 55DE0F662A8FA8AE00E0B3DB /* GoalViewController.swift */; };
		55DE0F6B2A908CDB00E0B3DB /* OffsetTableViewCell.swift in Sources */ = {isa = PBXBuildFile; fileRef = 55DE0F6A2A908CDB00E0B3DB /* OffsetTableViewCell.swift */; };
		55DE0F6D2A908E9500E0B3DB /* ModalEX.swift in Sources */ = {isa = PBXBuildFile; fileRef = 55DE0F6C2A908E9500E0B3DB /* ModalEX.swift */; };
		55FF68752A7CCABB003BF61D /* AppDelegate.swift in Sources */ = {isa = PBXBuildFile; fileRef = 55FF68742A7CCABB003BF61D /* AppDelegate.swift */; };
		55FF68772A7CCABB003BF61D /* SceneDelegate.swift in Sources */ = {isa = PBXBuildFile; fileRef = 55FF68762A7CCABB003BF61D /* SceneDelegate.swift */; };
		55FF687C2A7CCABB003BF61D /* Main.storyboard in Resources */ = {isa = PBXBuildFile; fileRef = 55FF687A2A7CCABB003BF61D /* Main.storyboard */; };
		55FF687E2A7CCABC003BF61D /* Assets.xcassets in Resources */ = {isa = PBXBuildFile; fileRef = 55FF687D2A7CCABC003BF61D /* Assets.xcassets */; };
		55FF68812A7CCABC003BF61D /* LaunchScreen.storyboard in Resources */ = {isa = PBXBuildFile; fileRef = 55FF687F2A7CCABC003BF61D /* LaunchScreen.storyboard */; };
		55FF688A2A7CCBD9003BF61D /* AuthenticationViewController.swift in Sources */ = {isa = PBXBuildFile; fileRef = 55FF68892A7CCBD9003BF61D /* AuthenticationViewController.swift */; };
		55FF688D2A7CD415003BF61D /* AuthCustomView.swift in Sources */ = {isa = PBXBuildFile; fileRef = 55FF688C2A7CD415003BF61D /* AuthCustomView.swift */; };
/* End PBXBuildFile section */

/* Begin PBXFileReference section */
		5507C4912A86666300CFB476 /* UIViewController+Alert.swift */ = {isa = PBXFileReference; lastKnownFileType = sourcecode.swift; path = "UIViewController+Alert.swift"; sourceTree = "<group>"; };
		551A5AD12A94CDB200FCD495 /* DBManager.swift */ = {isa = PBXFileReference; lastKnownFileType = sourcecode.swift; path = DBManager.swift; sourceTree = "<group>"; };
		5527A1672A7CE33400C42C6B /* LoginViewController.swift */ = {isa = PBXFileReference; lastKnownFileType = sourcecode.swift; path = LoginViewController.swift; sourceTree = "<group>"; };
		5527A1692A7D00A400C42C6B /* CustomLoginButton.swift */ = {isa = PBXFileReference; lastKnownFileType = sourcecode.swift; path = CustomLoginButton.swift; sourceTree = "<group>"; };
		5527A16B2A7D0CD500C42C6B /* RegisterViewController.swift */ = {isa = PBXFileReference; lastKnownFileType = sourcecode.swift; path = RegisterViewController.swift; sourceTree = "<group>"; };
		5527A16D2A7D112300C42C6B /* ForgotPasswordViewController.swift */ = {isa = PBXFileReference; lastKnownFileType = sourcecode.swift; path = ForgotPasswordViewController.swift; sourceTree = "<group>"; };
		553A95F42AA06C2E00ACFA56 /* GoalIDManager.swift */ = {isa = PBXFileReference; lastKnownFileType = sourcecode.swift; path = GoalIDManager.swift; sourceTree = "<group>"; };
		553A95F62AA0BC0100ACFA56 /* Footprint.swift */ = {isa = PBXFileReference; lastKnownFileType = sourcecode.swift; path = Footprint.swift; sourceTree = "<group>"; };
		553A96002AA5F42D00ACFA56 /* GoalDetailedViewController.swift */ = {isa = PBXFileReference; lastKnownFileType = sourcecode.swift; path = GoalDetailedViewController.swift; sourceTree = "<group>"; };
		553A96072AA734DB00ACFA56 /* CalculateViewController.swift */ = {isa = PBXFileReference; lastKnownFileType = sourcecode.swift; path = CalculateViewController.swift; sourceTree = "<group>"; };
		553A96082AA734DB00ACFA56 /* CalculateViewController.xib */ = {isa = PBXFileReference; lastKnownFileType = file.xib; path = CalculateViewController.xib; sourceTree = "<group>"; };
		554749F52A8D040200972BFB /* SummaryViewController.swift */ = {isa = PBXFileReference; lastKnownFileType = sourcecode.swift; path = SummaryViewController.swift; sourceTree = "<group>"; };
		554749F82A8E2CBE00972BFB /* SettingsViewController.swift */ = {isa = PBXFileReference; lastKnownFileType = sourcecode.swift; path = SettingsViewController.swift; sourceTree = "<group>"; };
		5598C4192A9366090072B6D3 /* GoalSectionHeaderView.swift */ = {isa = PBXFileReference; lastKnownFileType = sourcecode.swift; path = GoalSectionHeaderView.swift; sourceTree = "<group>"; };
		5598C4722A938A6F0072B6D3 /* AddGoalViewController.swift */ = {isa = PBXFileReference; lastKnownFileType = sourcecode.swift; path = AddGoalViewController.swift; sourceTree = "<group>"; };
		5598C4732A938A6F0072B6D3 /* AddGoalViewController.xib */ = {isa = PBXFileReference; lastKnownFileType = file.xib; path = AddGoalViewController.xib; sourceTree = "<group>"; };
		5598C4772A938FE70072B6D3 /* Goal.swift */ = {isa = PBXFileReference; lastKnownFileType = sourcecode.swift; path = Goal.swift; sourceTree = "<group>"; };
		55A3515B2A9F0E5B00EB4EC5 /* libsqlite3.tbd */ = {isa = PBXFileReference; lastKnownFileType = "sourcecode.text-based-dylib-definition"; name = libsqlite3.tbd; path = usr/lib/libsqlite3.tbd; sourceTree = SDKROOT; };
		55A3515C2A9F0E5B00EB4EC5 /* libsqlite3.0.tbd */ = {isa = PBXFileReference; lastKnownFileType = "sourcecode.text-based-dylib-definition"; name = libsqlite3.0.tbd; path = usr/lib/libsqlite3.0.tbd; sourceTree = SDKROOT; };
		55A351612A9F1F6500EB4EC5 /* DBController.swift */ = {isa = PBXFileReference; lastKnownFileType = sourcecode.swift; path = DBController.swift; sourceTree = "<group>"; };
		55DE0F622A8F9F1E00E0B3DB /* GoalTableViewCell.swift */ = {isa = PBXFileReference; lastKnownFileType = sourcecode.swift; path = GoalTableViewCell.swift; sourceTree = "<group>"; };
		55DE0F662A8FA8AE00E0B3DB /* GoalViewController.swift */ = {isa = PBXFileReference; lastKnownFileType = sourcecode.swift; path = GoalViewController.swift; sourceTree = "<group>"; };
		55DE0F6A2A908CDB00E0B3DB /* OffsetTableViewCell.swift */ = {isa = PBXFileReference; lastKnownFileType = sourcecode.swift; path = OffsetTableViewCell.swift; sourceTree = "<group>"; };
		55DE0F6C2A908E9500E0B3DB /* ModalEX.swift */ = {isa = PBXFileReference; lastKnownFileType = sourcecode.swift; path = ModalEX.swift; sourceTree = "<group>"; };
		55FF68712A7CCABB003BF61D /* Carbony.app */ = {isa = PBXFileReference; explicitFileType = wrapper.application; includeInIndex = 0; path = Carbony.app; sourceTree = BUILT_PRODUCTS_DIR; };
		55FF68742A7CCABB003BF61D /* AppDelegate.swift */ = {isa = PBXFileReference; lastKnownFileType = sourcecode.swift; path = AppDelegate.swift; sourceTree = "<group>"; };
		55FF68762A7CCABB003BF61D /* SceneDelegate.swift */ = {isa = PBXFileReference; lastKnownFileType = sourcecode.swift; path = SceneDelegate.swift; sourceTree = "<group>"; };
		55FF687B2A7CCABB003BF61D /* Base */ = {isa = PBXFileReference; lastKnownFileType = file.storyboard; name = Base; path = Base.lproj/Main.storyboard; sourceTree = "<group>"; };
		55FF687D2A7CCABC003BF61D /* Assets.xcassets */ = {isa = PBXFileReference; lastKnownFileType = folder.assetcatalog; path = Assets.xcassets; sourceTree = "<group>"; };
		55FF68802A7CCABC003BF61D /* Base */ = {isa = PBXFileReference; lastKnownFileType = file.storyboard; name = Base; path = Base.lproj/LaunchScreen.storyboard; sourceTree = "<group>"; };
		55FF68822A7CCABC003BF61D /* Info.plist */ = {isa = PBXFileReference; lastKnownFileType = text.plist.xml; path = Info.plist; sourceTree = "<group>"; };
		55FF68892A7CCBD9003BF61D /* AuthenticationViewController.swift */ = {isa = PBXFileReference; lastKnownFileType = sourcecode.swift; path = AuthenticationViewController.swift; sourceTree = "<group>"; };
		55FF688C2A7CD415003BF61D /* AuthCustomView.swift */ = {isa = PBXFileReference; lastKnownFileType = sourcecode.swift; path = AuthCustomView.swift; sourceTree = "<group>"; };
/* End PBXFileReference section */

/* Begin PBXFrameworksBuildPhase section */
		55FF686E2A7CCABB003BF61D /* Frameworks */ = {
			isa = PBXFrameworksBuildPhase;
			buildActionMask = 2147483647;
			files = (
			);
			runOnlyForDeploymentPostprocessing = 0;
		};
/* End PBXFrameworksBuildPhase section */

/* Begin PBXGroup section */
		5507C4902A86664700CFB476 /* Extensions */ = {
			isa = PBXGroup;
			children = (
				5507C4912A86666300CFB476 /* UIViewController+Alert.swift */,
			);
			path = Extensions;
			sourceTree = "<group>";
		};
		551A5AD02A94CD9900FCD495 /* SQLiteDB */ = {
			isa = PBXGroup;
			children = (
				551A5AD12A94CDB200FCD495 /* DBManager.swift */,
				55A351612A9F1F6500EB4EC5 /* DBController.swift */,
			);
			path = SQLiteDB;
			sourceTree = "<group>";
		};
		553A95F92AA5B7D700ACFA56 /* DetailViewControllers */ = {
			isa = PBXGroup;
			children = (
				553A96002AA5F42D00ACFA56 /* GoalDetailedViewController.swift */,
			);
			path = DetailViewControllers;
			sourceTree = "<group>";
		};
		553A96062AA734BE00ACFA56 /* CalculateController */ = {
			isa = PBXGroup;
			children = (
				553A96072AA734DB00ACFA56 /* CalculateViewController.swift */,
				553A96082AA734DB00ACFA56 /* CalculateViewController.xib */,
			);
			path = CalculateController;
			sourceTree = "<group>";
		};
		554749F32A8D03D100972BFB /* Controllers */ = {
			isa = PBXGroup;
			children = (
				553A96062AA734BE00ACFA56 /* CalculateController */,
				553A95F92AA5B7D700ACFA56 /* DetailViewControllers */,
				5598C4712A93889F0072B6D3 /* AddControllers */,
				55DE0F5C2A8F9CBA00E0B3DB /* Login */,
				554749F72A8E2CAC00972BFB /* Settings-controllers */,
				554749F42A8D03E200972BFB /* Main-controllers */,
			);
			path = Controllers;
			sourceTree = "<group>";
		};
		554749F42A8D03E200972BFB /* Main-controllers */ = {
			isa = PBXGroup;
			children = (
				554749F52A8D040200972BFB /* SummaryViewController.swift */,
				55DE0F662A8FA8AE00E0B3DB /* GoalViewController.swift */,
				55DE0F6C2A908E9500E0B3DB /* ModalEX.swift */,
			);
			path = "Main-controllers";
			sourceTree = "<group>";
		};
		554749F72A8E2CAC00972BFB /* Settings-controllers */ = {
			isa = PBXGroup;
			children = (
				554749F82A8E2CBE00972BFB /* SettingsViewController.swift */,
			);
			path = "Settings-controllers";
			sourceTree = "<group>";
		};
		5598C4162A9365650072B6D3 /* CustomViews */ = {
			isa = PBXGroup;
			children = (
				5598C4192A9366090072B6D3 /* GoalSectionHeaderView.swift */,
			);
			path = CustomViews;
			sourceTree = "<group>";
		};
		5598C4712A93889F0072B6D3 /* AddControllers */ = {
			isa = PBXGroup;
			children = (
				5598C4722A938A6F0072B6D3 /* AddGoalViewController.swift */,
				5598C4732A938A6F0072B6D3 /* AddGoalViewController.xib */,
			);
			path = AddControllers;
			sourceTree = "<group>";
		};
		5598C4762A938FAF0072B6D3 /* Modal */ = {
			isa = PBXGroup;
			children = (
				5598C4772A938FE70072B6D3 /* Goal.swift */,
				553A95F42AA06C2E00ACFA56 /* GoalIDManager.swift */,
				553A95F62AA0BC0100ACFA56 /* Footprint.swift */,
			);
			path = Modal;
			sourceTree = "<group>";
		};
		55A3515A2A9F0E5B00EB4EC5 /* Frameworks */ = {
			isa = PBXGroup;
			children = (
				55A3515C2A9F0E5B00EB4EC5 /* libsqlite3.0.tbd */,
				55A3515B2A9F0E5B00EB4EC5 /* libsqlite3.tbd */,
			);
			name = Frameworks;
			sourceTree = "<group>";
		};
		55DE0F5C2A8F9CBA00E0B3DB /* Login */ = {
			isa = PBXGroup;
			children = (
				5527A1672A7CE33400C42C6B /* LoginViewController.swift */,
				55FF68892A7CCBD9003BF61D /* AuthenticationViewController.swift */,
				5527A16D2A7D112300C42C6B /* ForgotPasswordViewController.swift */,
				5527A16B2A7D0CD500C42C6B /* RegisterViewController.swift */,
			);
			path = Login;
			sourceTree = "<group>";
		};
		55DE0F612A8F9F0E00E0B3DB /* Cells */ = {
			isa = PBXGroup;
			children = (
				55DE0F622A8F9F1E00E0B3DB /* GoalTableViewCell.swift */,
				55DE0F6A2A908CDB00E0B3DB /* OffsetTableViewCell.swift */,
			);
			path = Cells;
			sourceTree = "<group>";
		};
		55FF68682A7CCABB003BF61D = {
			isa = PBXGroup;
			children = (
				55FF68732A7CCABB003BF61D /* Carbony */,
				55FF68722A7CCABB003BF61D /* Products */,
				55A3515A2A9F0E5B00EB4EC5 /* Frameworks */,
			);
			sourceTree = "<group>";
		};
		55FF68722A7CCABB003BF61D /* Products */ = {
			isa = PBXGroup;
			children = (
				55FF68712A7CCABB003BF61D /* Carbony.app */,
			);
			name = Products;
			sourceTree = "<group>";
		};
		55FF68732A7CCABB003BF61D /* Carbony */ = {
			isa = PBXGroup;
			children = (
				551A5AD02A94CD9900FCD495 /* SQLiteDB */,
				5598C4762A938FAF0072B6D3 /* Modal */,
				5598C4162A9365650072B6D3 /* CustomViews */,
				55DE0F612A8F9F0E00E0B3DB /* Cells */,
				5507C4902A86664700CFB476 /* Extensions */,
				554749F32A8D03D100972BFB /* Controllers */,
				55FF688B2A7CD3D0003BF61D /* Custom-View */,
				55FF68742A7CCABB003BF61D /* AppDelegate.swift */,
				55FF68762A7CCABB003BF61D /* SceneDelegate.swift */,
				55FF687A2A7CCABB003BF61D /* Main.storyboard */,
				55FF687D2A7CCABC003BF61D /* Assets.xcassets */,
				55FF687F2A7CCABC003BF61D /* LaunchScreen.storyboard */,
				55FF68822A7CCABC003BF61D /* Info.plist */,
			);
			path = Carbony;
			sourceTree = "<group>";
		};
		55FF688B2A7CD3D0003BF61D /* Custom-View */ = {
			isa = PBXGroup;
			children = (
				55FF688C2A7CD415003BF61D /* AuthCustomView.swift */,
				5527A1692A7D00A400C42C6B /* CustomLoginButton.swift */,
			);
			path = "Custom-View";
			sourceTree = "<group>";
		};
/* End PBXGroup section */

/* Begin PBXNativeTarget section */
		55FF68702A7CCABB003BF61D /* Carbony */ = {
			isa = PBXNativeTarget;
			buildConfigurationList = 55FF68852A7CCABC003BF61D /* Build configuration list for PBXNativeTarget "Carbony" */;
			buildPhases = (
				55FF686D2A7CCABB003BF61D /* Sources */,
				55FF686E2A7CCABB003BF61D /* Frameworks */,
				55FF686F2A7CCABB003BF61D /* Resources */,
			);
			buildRules = (
			);
			dependencies = (
			);
			name = Carbony;
			productName = Carbony;
			productReference = 55FF68712A7CCABB003BF61D /* Carbony.app */;
			productType = "com.apple.product-type.application";
		};
/* End PBXNativeTarget section */

/* Begin PBXProject section */
		55FF68692A7CCABB003BF61D /* Project object */ = {
			isa = PBXProject;
			attributes = {
				BuildIndependentTargetsInParallel = 1;
				LastSwiftUpdateCheck = 1430;
				LastUpgradeCheck = 1430;
				TargetAttributes = {
					55FF68702A7CCABB003BF61D = {
						CreatedOnToolsVersion = 14.3.1;
					};
				};
			};
			buildConfigurationList = 55FF686C2A7CCABB003BF61D /* Build configuration list for PBXProject "Carbony" */;
			compatibilityVersion = "Xcode 14.0";
			developmentRegion = en;
			hasScannedForEncodings = 0;
			knownRegions = (
				en,
				Base,
			);
			mainGroup = 55FF68682A7CCABB003BF61D;
			productRefGroup = 55FF68722A7CCABB003BF61D /* Products */;
			projectDirPath = "";
			projectRoot = "";
			targets = (
				55FF68702A7CCABB003BF61D /* Carbony */,
			);
		};
/* End PBXProject section */

/* Begin PBXResourcesBuildPhase section */
		55FF686F2A7CCABB003BF61D /* Resources */ = {
			isa = PBXResourcesBuildPhase;
			buildActionMask = 2147483647;
			files = (
				55FF68812A7CCABC003BF61D /* LaunchScreen.storyboard in Resources */,
				5598C4752A938A6F0072B6D3 /* AddGoalViewController.xib in Resources */,
				55FF687E2A7CCABC003BF61D /* Assets.xcassets in Resources */,
				55FF687C2A7CCABB003BF61D /* Main.storyboard in Resources */,
				553A960A2AA734DB00ACFA56 /* CalculateViewController.xib in Resources */,
			);
			runOnlyForDeploymentPostprocessing = 0;
		};
/* End PBXResourcesBuildPhase section */

/* Begin PBXSourcesBuildPhase section */
		55FF686D2A7CCABB003BF61D /* Sources */ = {
			isa = PBXSourcesBuildPhase;
			buildActionMask = 2147483647;
			files = (
				5527A16E2A7D112300C42C6B /* ForgotPasswordViewController.swift in Sources */,
				55DE0F6D2A908E9500E0B3DB /* ModalEX.swift in Sources */,
				55FF688A2A7CCBD9003BF61D /* AuthenticationViewController.swift in Sources */,
				554749F92A8E2CBE00972BFB /* SettingsViewController.swift in Sources */,
				55FF68752A7CCABB003BF61D /* AppDelegate.swift in Sources */,
				553A96092AA734DB00ACFA56 /* CalculateViewController.swift in Sources */,
				553A95F52AA06C2E00ACFA56 /* GoalIDManager.swift in Sources */,
				5527A16C2A7D0CD500C42C6B /* RegisterViewController.swift in Sources */,
				55DE0F6B2A908CDB00E0B3DB /* OffsetTableViewCell.swift in Sources */,
				55DE0F632A8F9F1E00E0B3DB /* GoalTableViewCell.swift in Sources */,
				5598C4742A938A6F0072B6D3 /* AddGoalViewController.swift in Sources */,
				553A96012AA5F42D00ACFA56 /* GoalDetailedViewController.swift in Sources */,
				554749F62A8D040200972BFB /* SummaryViewController.swift in Sources */,
				5507C4922A86666300CFB476 /* UIViewController+Alert.swift in Sources */,
				55FF68772A7CCABB003BF61D /* SceneDelegate.swift in Sources */,
				5598C41A2A9366090072B6D3 /* GoalSectionHeaderView.swift in Sources */,
				5598C4782A938FE70072B6D3 /* Goal.swift in Sources */,
				551A5AD22A94CDB200FCD495 /* DBManager.swift in Sources */,
				5527A16A2A7D00A400C42C6B /* CustomLoginButton.swift in Sources */,
				5527A1682A7CE33400C42C6B /* LoginViewController.swift in Sources */,
				55FF688D2A7CD415003BF61D /* AuthCustomView.swift in Sources */,
				55DE0F672A8FA8AE00E0B3DB /* GoalViewController.swift in Sources */,
				55A351622A9F1F6500EB4EC5 /* DBController.swift in Sources */,
				553A95F72AA0BC0100ACFA56 /* Footprint.swift in Sources */,
			);
			runOnlyForDeploymentPostprocessing = 0;
		};
/* End PBXSourcesBuildPhase section */

/* Begin PBXVariantGroup section */
		55FF687A2A7CCABB003BF61D /* Main.storyboard */ = {
			isa = PBXVariantGroup;
			children = (
				55FF687B2A7CCABB003BF61D /* Base */,
			);
			name = Main.storyboard;
			sourceTree = "<group>";
		};
		55FF687F2A7CCABC003BF61D /* LaunchScreen.storyboard */ = {
			isa = PBXVariantGroup;
			children = (
				55FF68802A7CCABC003BF61D /* Base */,
			);
			name = LaunchScreen.storyboard;
			sourceTree = "<group>";
		};
/* End PBXVariantGroup section */

/* Begin XCBuildConfiguration section */
		55FF68832A7CCABC003BF61D /* Debug */ = {
			isa = XCBuildConfiguration;
			buildSettings = {
				ALWAYS_SEARCH_USER_PATHS = NO;
				CLANG_ANALYZER_NONNULL = YES;
				CLANG_ANALYZER_NUMBER_OBJECT_CONVERSION = YES_AGGRESSIVE;
				CLANG_CXX_LANGUAGE_STANDARD = "gnu++20";
				CLANG_ENABLE_MODULES = YES;
				CLANG_ENABLE_OBJC_ARC = YES;
				CLANG_ENABLE_OBJC_WEAK = YES;
				CLANG_WARN_BLOCK_CAPTURE_AUTORELEASING = YES;
				CLANG_WARN_BOOL_CONVERSION = YES;
				CLANG_WARN_COMMA = YES;
				CLANG_WARN_CONSTANT_CONVERSION = YES;
				CLANG_WARN_DEPRECATED_OBJC_IMPLEMENTATIONS = YES;
				CLANG_WARN_DIRECT_OBJC_ISA_USAGE = YES_ERROR;
				CLANG_WARN_DOCUMENTATION_COMMENTS = YES;
				CLANG_WARN_EMPTY_BODY = YES;
				CLANG_WARN_ENUM_CONVERSION = YES;
				CLANG_WARN_INFINITE_RECURSION = YES;
				CLANG_WARN_INT_CONVERSION = YES;
				CLANG_WARN_NON_LITERAL_NULL_CONVERSION = YES;
				CLANG_WARN_OBJC_IMPLICIT_RETAIN_SELF = YES;
				CLANG_WARN_OBJC_LITERAL_CONVERSION = YES;
				CLANG_WARN_OBJC_ROOT_CLASS = YES_ERROR;
				CLANG_WARN_QUOTED_INCLUDE_IN_FRAMEWORK_HEADER = YES;
				CLANG_WARN_RANGE_LOOP_ANALYSIS = YES;
				CLANG_WARN_STRICT_PROTOTYPES = YES;
				CLANG_WARN_SUSPICIOUS_MOVE = YES;
				CLANG_WARN_UNGUARDED_AVAILABILITY = YES_AGGRESSIVE;
				CLANG_WARN_UNREACHABLE_CODE = YES;
				CLANG_WARN__DUPLICATE_METHOD_MATCH = YES;
				COPY_PHASE_STRIP = NO;
				DEBUG_INFORMATION_FORMAT = dwarf;
				ENABLE_STRICT_OBJC_MSGSEND = YES;
				ENABLE_TESTABILITY = YES;
				GCC_C_LANGUAGE_STANDARD = gnu11;
				GCC_DYNAMIC_NO_PIC = NO;
				GCC_NO_COMMON_BLOCKS = YES;
				GCC_OPTIMIZATION_LEVEL = 0;
				GCC_PREPROCESSOR_DEFINITIONS = (
					"DEBUG=1",
					"$(inherited)",
				);
				GCC_WARN_64_TO_32_BIT_CONVERSION = YES;
				GCC_WARN_ABOUT_RETURN_TYPE = YES_ERROR;
				GCC_WARN_UNDECLARED_SELECTOR = YES;
				GCC_WARN_UNINITIALIZED_AUTOS = YES_AGGRESSIVE;
				GCC_WARN_UNUSED_FUNCTION = YES;
				GCC_WARN_UNUSED_VARIABLE = YES;
				IPHONEOS_DEPLOYMENT_TARGET = 16.4;
				MTL_ENABLE_DEBUG_INFO = INCLUDE_SOURCE;
				MTL_FAST_MATH = YES;
				ONLY_ACTIVE_ARCH = YES;
				SDKROOT = iphoneos;
				SWIFT_ACTIVE_COMPILATION_CONDITIONS = DEBUG;
				SWIFT_OPTIMIZATION_LEVEL = "-Onone";
			};
			name = Debug;
		};
		55FF68842A7CCABC003BF61D /* Release */ = {
			isa = XCBuildConfiguration;
			buildSettings = {
				ALWAYS_SEARCH_USER_PATHS = NO;
				CLANG_ANALYZER_NONNULL = YES;
				CLANG_ANALYZER_NUMBER_OBJECT_CONVERSION = YES_AGGRESSIVE;
				CLANG_CXX_LANGUAGE_STANDARD = "gnu++20";
				CLANG_ENABLE_MODULES = YES;
				CLANG_ENABLE_OBJC_ARC = YES;
				CLANG_ENABLE_OBJC_WEAK = YES;
				CLANG_WARN_BLOCK_CAPTURE_AUTORELEASING = YES;
				CLANG_WARN_BOOL_CONVERSION = YES;
				CLANG_WARN_COMMA = YES;
				CLANG_WARN_CONSTANT_CONVERSION = YES;
				CLANG_WARN_DEPRECATED_OBJC_IMPLEMENTATIONS = YES;
				CLANG_WARN_DIRECT_OBJC_ISA_USAGE = YES_ERROR;
				CLANG_WARN_DOCUMENTATION_COMMENTS = YES;
				CLANG_WARN_EMPTY_BODY = YES;
				CLANG_WARN_ENUM_CONVERSION = YES;
				CLANG_WARN_INFINITE_RECURSION = YES;
				CLANG_WARN_INT_CONVERSION = YES;
				CLANG_WARN_NON_LITERAL_NULL_CONVERSION = YES;
				CLANG_WARN_OBJC_IMPLICIT_RETAIN_SELF = YES;
				CLANG_WARN_OBJC_LITERAL_CONVERSION = YES;
				CLANG_WARN_OBJC_ROOT_CLASS = YES_ERROR;
				CLANG_WARN_QUOTED_INCLUDE_IN_FRAMEWORK_HEADER = YES;
				CLANG_WARN_RANGE_LOOP_ANALYSIS = YES;
				CLANG_WARN_STRICT_PROTOTYPES = YES;
				CLANG_WARN_SUSPICIOUS_MOVE = YES;
				CLANG_WARN_UNGUARDED_AVAILABILITY = YES_AGGRESSIVE;
				CLANG_WARN_UNREACHABLE_CODE = YES;
				CLANG_WARN__DUPLICATE_METHOD_MATCH = YES;
				COPY_PHASE_STRIP = NO;
				DEBUG_INFORMATION_FORMAT = "dwarf-with-dsym";
				ENABLE_NS_ASSERTIONS = NO;
				ENABLE_STRICT_OBJC_MSGSEND = YES;
				GCC_C_LANGUAGE_STANDARD = gnu11;
				GCC_NO_COMMON_BLOCKS = YES;
				GCC_WARN_64_TO_32_BIT_CONVERSION = YES;
				GCC_WARN_ABOUT_RETURN_TYPE = YES_ERROR;
				GCC_WARN_UNDECLARED_SELECTOR = YES;
				GCC_WARN_UNINITIALIZED_AUTOS = YES_AGGRESSIVE;
				GCC_WARN_UNUSED_FUNCTION = YES;
				GCC_WARN_UNUSED_VARIABLE = YES;
				IPHONEOS_DEPLOYMENT_TARGET = 16.4;
				MTL_ENABLE_DEBUG_INFO = NO;
				MTL_FAST_MATH = YES;
				SDKROOT = iphoneos;
				SWIFT_COMPILATION_MODE = wholemodule;
				SWIFT_OPTIMIZATION_LEVEL = "-O";
				VALIDATE_PRODUCT = YES;
			};
			name = Release;
		};
		55FF68862A7CCABC003BF61D /* Debug */ = {
			isa = XCBuildConfiguration;
			buildSettings = {
				ASSETCATALOG_COMPILER_APPICON_NAME = AppIcon;
				ASSETCATALOG_COMPILER_GLOBAL_ACCENT_COLOR_NAME = AccentColor;
				CODE_SIGN_STYLE = Automatic;
				CURRENT_PROJECT_VERSION = 1;
				DEVELOPMENT_TEAM = VVZ8G92URG;
				GENERATE_INFOPLIST_FILE = YES;
				INFOPLIST_FILE = Carbony/Info.plist;
				INFOPLIST_KEY_UIApplicationSupportsIndirectInputEvents = YES;
				INFOPLIST_KEY_UILaunchStoryboardName = LaunchScreen;
				INFOPLIST_KEY_UIMainStoryboardFile = Main;
				INFOPLIST_KEY_UISupportedInterfaceOrientations_iPad = "UIInterfaceOrientationPortrait UIInterfaceOrientationPortraitUpsideDown UIInterfaceOrientationLandscapeLeft UIInterfaceOrientationLandscapeRight";
				INFOPLIST_KEY_UISupportedInterfaceOrientations_iPhone = "UIInterfaceOrientationPortrait UIInterfaceOrientationLandscapeLeft UIInterfaceOrientationLandscapeRight";
				LD_RUNPATH_SEARCH_PATHS = (
					"$(inherited)",
					"@executable_path/Frameworks",
				);
				MARKETING_VERSION = 1.0;
				PRODUCT_BUNDLE_IDENTIFIER = com.yoda.Carbony;
				PRODUCT_NAME = "$(TARGET_NAME)";
				SWIFT_EMIT_LOC_STRINGS = YES;
				SWIFT_VERSION = 5.0;
				TARGETED_DEVICE_FAMILY = "1,2";
			};
			name = Debug;
		};
		55FF68872A7CCABC003BF61D /* Release */ = {
			isa = XCBuildConfiguration;
			buildSettings = {
				ASSETCATALOG_COMPILER_APPICON_NAME = AppIcon;
				ASSETCATALOG_COMPILER_GLOBAL_ACCENT_COLOR_NAME = AccentColor;
				CODE_SIGN_STYLE = Automatic;
				CURRENT_PROJECT_VERSION = 1;
				DEVELOPMENT_TEAM = VVZ8G92URG;
				GENERATE_INFOPLIST_FILE = YES;
				INFOPLIST_FILE = Carbony/Info.plist;
				INFOPLIST_KEY_UIApplicationSupportsIndirectInputEvents = YES;
				INFOPLIST_KEY_UILaunchStoryboardName = LaunchScreen;
				INFOPLIST_KEY_UIMainStoryboardFile = Main;
				INFOPLIST_KEY_UISupportedInterfaceOrientations_iPad = "UIInterfaceOrientationPortrait UIInterfaceOrientationPortraitUpsideDown UIInterfaceOrientationLandscapeLeft UIInterfaceOrientationLandscapeRight";
				INFOPLIST_KEY_UISupportedInterfaceOrientations_iPhone = "UIInterfaceOrientationPortrait UIInterfaceOrientationLandscapeLeft UIInterfaceOrientationLandscapeRight";
				LD_RUNPATH_SEARCH_PATHS = (
					"$(inherited)",
					"@executable_path/Frameworks",
				);
				MARKETING_VERSION = 1.0;
				PRODUCT_BUNDLE_IDENTIFIER = com.yoda.Carbony;
				PRODUCT_NAME = "$(TARGET_NAME)";
				SWIFT_EMIT_LOC_STRINGS = YES;
				SWIFT_VERSION = 5.0;
				TARGETED_DEVICE_FAMILY = "1,2";
			};
			name = Release;
		};
/* End XCBuildConfiguration section */

/* Begin XCConfigurationList section */
		55FF686C2A7CCABB003BF61D /* Build configuration list for PBXProject "Carbony" */ = {
			isa = XCConfigurationList;
			buildConfigurations = (
				55FF68832A7CCABC003BF61D /* Debug */,
				55FF68842A7CCABC003BF61D /* Release */,
			);
			defaultConfigurationIsVisible = 0;
			defaultConfigurationName = Release;
		};
		55FF68852A7CCABC003BF61D /* Build configuration list for PBXNativeTarget "Carbony" */ = {
			isa = XCConfigurationList;
			buildConfigurations = (
				55FF68862A7CCABC003BF61D /* Debug */,
				55FF68872A7CCABC003BF61D /* Release */,
			);
			defaultConfigurationIsVisible = 0;
			defaultConfigurationName = Release;
		};
/* End XCConfigurationList section */
	};
	rootObject = 55FF68692A7CCABB003BF61D /* Project object */;
}
